
Microsoft Visual Studio Solution File, Format Version 12.00
Project("{FAE04EC0-301F-11D3-BF4B-00C04F79EFBC}") = "Test2015", "Test2015\Test2015.csproj", "{C1B6E15C-79CA-4F58-8B8B-EDA48136D028}"
EndProject
Project("{FAE04EC0-301F-11D3-BF4B-00C04F79EFBC}") = "Test2018", "Test2018\Test2018.csproj", "{01A311FB-DEF5-4C06-8B05-F20F762C30E7}"
EndProject
Project("{FAE04EC0-301F-11D3-BF4B-00C04F79EFBC}") = "Test2016", "Test2016\Test2016.csproj", "{2F33695A-3064-4DF9-A9CC-342E2B36CF57}"
EndProject
Project("{FAE04EC0-301F-11D3-BF4B-00C04F79EFBC}") = "Test2017", "Test2017\Test2017.csproj", "{73C86A71-14A2-40B1-8B57-CF2005726D81}"
EndProject
Project("{FAE04EC0-301F-11D3-BF4B-00C04F79EFBC}") = "Aoc2015", "Aoc2015\Aoc2015.csproj", "{1B1EC550-0AE2-46C5-9989-DD4C91DB92FC}"
EndProject
Project("{FAE04EC0-301F-11D3-BF4B-00C04F79EFBC}") = "Aoc2016", "Aoc2016\Aoc2016.csproj", "{AA28319A-AFA7-45F6-B171-B2C21209EA2E}"
EndProject
Project("{FAE04EC0-301F-11D3-BF4B-00C04F79EFBC}") = "Aoc2017", "Aoc2017\Aoc2017.csproj", "{A24B0C52-D0B5-49FC-957D-75AD802B54FE}"
EndProject
Project("{FAE04EC0-301F-11D3-BF4B-00C04F79EFBC}") = "Aoc2018", "Aoc2018\Aoc2018.csproj", "{B52CD6DA-25BC-448F-ACCE-89C5EDABDFC0}"
EndProject
Project("{FAE04EC0-301F-11D3-BF4B-00C04F79EFBC}") = "Common", "Common\Common.csproj", "{8CC23660-7408-4318-9044-B84363066CC8}"
EndProject
Project("{FAE04EC0-301F-11D3-BF4B-00C04F79EFBC}") = "TestInputs", "TestInputs\TestInputs.csproj", "{CE6086F8-8830-413D-955C-4531E5835CFF}"
EndProject
Global
	GlobalSection(SolutionConfigurationPlatforms) = preSolution
		Debug|Any CPU = Debug|Any CPU
		Release|Any CPU = Release|Any CPU
	EndGlobalSection
	GlobalSection(ProjectConfigurationPlatforms) = postSolution
		{C1B6E15C-79CA-4F58-8B8B-EDA48136D028}.Debug|Any CPU.ActiveCfg = Debug|Any CPU
		{C1B6E15C-79CA-4F58-8B8B-EDA48136D028}.Debug|Any CPU.Build.0 = Debug|Any CPU
		{C1B6E15C-79CA-4F58-8B8B-EDA48136D028}.Release|Any CPU.ActiveCfg = Release|Any CPU
		{C1B6E15C-79CA-4F58-8B8B-EDA48136D028}.Release|Any CPU.Build.0 = Release|Any CPU
		{01A311FB-DEF5-4C06-8B05-F20F762C30E7}.Debug|Any CPU.ActiveCfg = Debug|Any CPU
		{01A311FB-DEF5-4C06-8B05-F20F762C30E7}.Debug|Any CPU.Build.0 = Debug|Any CPU
		{01A311FB-DEF5-4C06-8B05-F20F762C30E7}.Release|Any CPU.ActiveCfg = Release|Any CPU
		{01A311FB-DEF5-4C06-8B05-F20F762C30E7}.Release|Any CPU.Build.0 = Release|Any CPU
		{2F33695A-3064-4DF9-A9CC-342E2B36CF57}.Debug|Any CPU.ActiveCfg = Debug|Any CPU
		{2F33695A-3064-4DF9-A9CC-342E2B36CF57}.Debug|Any CPU.Build.0 = Debug|Any CPU
		{2F33695A-3064-4DF9-A9CC-342E2B36CF57}.Release|Any CPU.ActiveCfg = Release|Any CPU
		{2F33695A-3064-4DF9-A9CC-342E2B36CF57}.Release|Any CPU.Build.0 = Release|Any CPU
		{73C86A71-14A2-40B1-8B57-CF2005726D81}.Debug|Any CPU.ActiveCfg = Debug|Any CPU
		{73C86A71-14A2-40B1-8B57-CF2005726D81}.Debug|Any CPU.Build.0 = Debug|Any CPU
		{73C86A71-14A2-40B1-8B57-CF2005726D81}.Release|Any CPU.ActiveCfg = Release|Any CPU
		{73C86A71-14A2-40B1-8B57-CF2005726D81}.Release|Any CPU.Build.0 = Release|Any CPU
		{1B1EC550-0AE2-46C5-9989-DD4C91DB92FC}.Debug|Any CPU.ActiveCfg = Debug|Any CPU
		{1B1EC550-0AE2-46C5-9989-DD4C91DB92FC}.Debug|Any CPU.Build.0 = Debug|Any CPU
		{1B1EC550-0AE2-46C5-9989-DD4C91DB92FC}.Release|Any CPU.ActiveCfg = Release|Any CPU
		{1B1EC550-0AE2-46C5-9989-DD4C91DB92FC}.Release|Any CPU.Build.0 = Release|Any CPU
		{AA28319A-AFA7-45F6-B171-B2C21209EA2E}.Debug|Any CPU.ActiveCfg = Debug|Any CPU
		{AA28319A-AFA7-45F6-B171-B2C21209EA2E}.Debug|Any CPU.Build.0 = Debug|Any CPU
		{AA28319A-AFA7-45F6-B171-B2C21209EA2E}.Release|Any CPU.ActiveCfg = Release|Any CPU
		{AA28319A-AFA7-45F6-B171-B2C21209EA2E}.Release|Any CPU.Build.0 = Release|Any CPU
		{A24B0C52-D0B5-49FC-957D-75AD802B54FE}.Debug|Any CPU.ActiveCfg = Debug|Any CPU
		{A24B0C52-D0B5-49FC-957D-75AD802B54FE}.Debug|Any CPU.Build.0 = Debug|Any CPU
		{A24B0C52-D0B5-49FC-957D-75AD802B54FE}.Release|Any CPU.ActiveCfg = Release|Any CPU
		{A24B0C52-D0B5-49FC-957D-75AD802B54FE}.Release|Any CPU.Build.0 = Release|Any CPU
		{B52CD6DA-25BC-448F-ACCE-89C5EDABDFC0}.Debug|Any CPU.ActiveCfg = Debug|Any CPU
		{B52CD6DA-25BC-448F-ACCE-89C5EDABDFC0}.Debug|Any CPU.Build.0 = Debug|Any CPU
		{B52CD6DA-25BC-448F-ACCE-89C5EDABDFC0}.Release|Any CPU.ActiveCfg = Release|Any CPU
		{B52CD6DA-25BC-448F-ACCE-89C5EDABDFC0}.Release|Any CPU.Build.0 = Release|Any CPU
		{8CC23660-7408-4318-9044-B84363066CC8}.Debug|Any CPU.ActiveCfg = Debug|Any CPU
		{8CC23660-7408-4318-9044-B84363066CC8}.Debug|Any CPU.Build.0 = Debug|Any CPU
		{8CC23660-7408-4318-9044-B84363066CC8}.Release|Any CPU.ActiveCfg = Release|Any CPU
		{8CC23660-7408-4318-9044-B84363066CC8}.Release|Any CPU.Build.0 = Release|Any CPU
		{CE6086F8-8830-413D-955C-4531E5835CFF}.Debug|Any CPU.ActiveCfg = Debug|Any CPU
		{CE6086F8-8830-413D-955C-4531E5835CFF}.Debug|Any CPU.Build.0 = Debug|Any CPU
		{CE6086F8-8830-413D-955C-4531E5835CFF}.Release|Any CPU.ActiveCfg = Release|Any CPU
		{CE6086F8-8830-413D-955C-4531E5835CFF}.Release|Any CPU.Build.0 = Release|Any CPU
	EndGlobalSection
EndGlobal
